// !$*UTF8*$!
{
	archiveVersion = 1;
	classes = {
	};
	objectVersion = 56;
	objects = {

/* Begin PBXBuildFile section */
		077A0EB72B070ACE00544A0B /* CurrencyExchangeSysApp.swift in Sources */ = {isa = PBXBuildFile; fileRef = 077A0EB62B070ACE00544A0B /* CurrencyExchangeSysApp.swift */; };
		077A0EB92B070ACE00544A0B /* ContentView.swift in Sources */ = {isa = PBXBuildFile; fileRef = 077A0EB82B070ACE00544A0B /* ContentView.swift */; };
		077A0EBB2B070ACF00544A0B /* Assets.xcassets in Resources */ = {isa = PBXBuildFile; fileRef = 077A0EBA2B070ACF00544A0B /* Assets.xcassets */; };
		077A0EC62B070C3700544A0B /* MainPanel.swift in Sources */ = {isa = PBXBuildFile; fileRef = 077A0EC52B070C3700544A0B /* MainPanel.swift */; };
		077A0EC82B071D8E00544A0B /* Helper.swift in Sources */ = {isa = PBXBuildFile; fileRef = 077A0EC72B071D8E00544A0B /* Helper.swift */; };
		077A0ECA2B072CEB00544A0B /* CurrencyExchangeGraphView.swift in Sources */ = {isa = PBXBuildFile; fileRef = 077A0EC92B072CEB00544A0B /* CurrencyExchangeGraphView.swift */; };
		077A0ECC2B072FEC00544A0B /* CurrencyExchangeData.swift in Sources */ = {isa = PBXBuildFile; fileRef = 077A0ECB2B072FEC00544A0B /* CurrencyExchangeData.swift */; };
		077A0ECE2B08325A00544A0B /* WelcomePage.swift in Sources */ = {isa = PBXBuildFile; fileRef = 077A0ECD2B08325A00544A0B /* WelcomePage.swift */; };
		077A0ED02B087E6900544A0B /* OperationPanel.swift in Sources */ = {isa = PBXBuildFile; fileRef = 077A0ECF2B087E6900544A0B /* OperationPanel.swift */; };
		077A0ED22B08F42900544A0B /* FetchedExchageRate.swift in Sources */ = {isa = PBXBuildFile; fileRef = 077A0ED12B08F42900544A0B /* FetchedExchageRate.swift */; };
		077A0ED42B09AE5C00544A0B /* CurrencyTag.swift in Sources */ = {isa = PBXBuildFile; fileRef = 077A0ED32B09AE5C00544A0B /* CurrencyTag.swift */; };
/* End PBXBuildFile section */

/* Begin PBXFileReference section */
		077A0EB32B070ACE00544A0B /* CurrencyExchangeSys.app */ = {isa = PBXFileReference; explicitFileType = wrapper.application; includeInIndex = 0; path = CurrencyExchangeSys.app; sourceTree = BUILT_PRODUCTS_DIR; };
		077A0EB62B070ACE00544A0B /* CurrencyExchangeSysApp.swift */ = {isa = PBXFileReference; lastKnownFileType = sourcecode.swift; path = CurrencyExchangeSysApp.swift; sourceTree = "<group>"; };
		077A0EB82B070ACE00544A0B /* ContentView.swift */ = {isa = PBXFileReference; lastKnownFileType = sourcecode.swift; path = ContentView.swift; sourceTree = "<group>"; };
		077A0EBA2B070ACF00544A0B /* Assets.xcassets */ = {isa = PBXFileReference; lastKnownFileType = folder.assetcatalog; path = Assets.xcassets; sourceTree = "<group>"; };
		077A0EBF2B070ACF00544A0B /* CurrencyExchangeSys.entitlements */ = {isa = PBXFileReference; lastKnownFileType = text.plist.entitlements; path = CurrencyExchangeSys.entitlements; sourceTree = "<group>"; };
		077A0EC52B070C3700544A0B /* MainPanel.swift */ = {isa = PBXFileReference; lastKnownFileType = sourcecode.swift; path = MainPanel.swift; sourceTree = "<group>"; };
		077A0EC72B071D8E00544A0B /* Helper.swift */ = {isa = PBXFileReference; lastKnownFileType = sourcecode.swift; path = Helper.swift; sourceTree = "<group>"; };
		077A0EC92B072CEB00544A0B /* CurrencyExchangeGraphView.swift */ = {isa = PBXFileReference; lastKnownFileType = sourcecode.swift; path = CurrencyExchangeGraphView.swift; sourceTree = "<group>"; };
		077A0ECB2B072FEC00544A0B /* CurrencyExchangeData.swift */ = {isa = PBXFileReference; lastKnownFileType = sourcecode.swift; path = CurrencyExchangeData.swift; sourceTree = "<group>"; };
		077A0ECD2B08325A00544A0B /* WelcomePage.swift */ = {isa = PBXFileReference; lastKnownFileType = sourcecode.swift; path = WelcomePage.swift; sourceTree = "<group>"; };
		077A0ECF2B087E6900544A0B /* OperationPanel.swift */ = {isa = PBXFileReference; lastKnownFileType = sourcecode.swift; path = OperationPanel.swift; sourceTree = "<group>"; };
		077A0ED12B08F42900544A0B /* FetchedExchageRate.swift */ = {isa = PBXFileReference; lastKnownFileType = sourcecode.swift; path = FetchedExchageRate.swift; sourceTree = "<group>"; };
		077A0ED32B09AE5C00544A0B /* CurrencyTag.swift */ = {isa = PBXFileReference; lastKnownFileType = sourcecode.swift; path = CurrencyTag.swift; sourceTree = "<group>"; };
/* End PBXFileReference section */

/* Begin PBXFrameworksBuildPhase section */
		077A0EB02B070ACE00544A0B /* Frameworks */ = {
			isa = PBXFrameworksBuildPhase;
			buildActionMask = 2147483647;
			files = (
			);
			runOnlyForDeploymentPostprocessing = 0;
		};
/* End PBXFrameworksBuildPhase section */

/* Begin PBXGroup section */
		077A0EAA2B070ACE00544A0B = {
			isa = PBXGroup;
			children = (
				077A0EB52B070ACE00544A0B /* CurrencyExchangeSys */,
				077A0EB42B070ACE00544A0B /* Products */,
			);
			sourceTree = "<group>";
		};
		077A0EB42B070ACE00544A0B /* Products */ = {
			isa = PBXGroup;
			children = (
				077A0EB32B070ACE00544A0B /* CurrencyExchangeSys.app */,
			);
			name = Products;
			sourceTree = "<group>";
		};
		077A0EB52B070ACE00544A0B /* CurrencyExchangeSys */ = {
			isa = PBXGroup;
			children = (
				077A0EBF2B070ACF00544A0B /* CurrencyExchangeSys.entitlements */,
				077A0EBA2B070ACF00544A0B /* Assets.xcassets */,
				077A0EB62B070ACE00544A0B /* CurrencyExchangeSysApp.swift */,
				077A0EB82B070ACE00544A0B /* ContentView.swift */,
				077A0EC52B070C3700544A0B /* MainPanel.swift */,
				077A0EC72B071D8E00544A0B /* Helper.swift */,
				077A0EC92B072CEB00544A0B /* CurrencyExchangeGraphView.swift */,
				077A0ECB2B072FEC00544A0B /* CurrencyExchangeData.swift */,
				077A0ECD2B08325A00544A0B /* WelcomePage.swift */,
				077A0ED32B09AE5C00544A0B /* CurrencyTag.swift */,
				077A0ECF2B087E6900544A0B /* OperationPanel.swift */,
				077A0ED12B08F42900544A0B /* FetchedExchageRate.swift */,
			);
			path = CurrencyExchangeSys;
			sourceTree = "<group>";
		};
/* End PBXGroup section */

/* Begin PBXNativeTarget section */
		077A0EB22B070ACE00544A0B /* CurrencyExchangeSys */ = {
			isa = PBXNativeTarget;
			buildConfigurationList = 077A0EC22B070ACF00544A0B /* Build configuration list for PBXNativeTarget "CurrencyExchangeSys" */;
			buildPhases = (
				077A0EAF2B070ACE00544A0B /* Sources */,
				077A0EB02B070ACE00544A0B /* Frameworks */,
				077A0EB12B070ACE00544A0B /* Resources */,
			);
			buildRules = (
			);
			dependencies = (
			);
			name = CurrencyExchangeSys;
			productName = CurrencyExchangeSys;
			productReference = 077A0EB32B070ACE00544A0B /* CurrencyExchangeSys.app */;
			productType = "com.apple.product-type.application";
		};
/* End PBXNativeTarget section */

/* Begin PBXProject section */
		077A0EAB2B070ACE00544A0B /* Project object */ = {
			isa = PBXProject;
			attributes = {
				BuildIndependentTargetsInParallel = 1;
				LastSwiftUpdateCheck = 1500;
				LastUpgradeCheck = 1500;
				TargetAttributes = {
					077A0EB22B070ACE00544A0B = {
						CreatedOnToolsVersion = 15.0.1;
					};
				};
			};
			buildConfigurationList = 077A0EAE2B070ACE00544A0B /* Build configuration list for PBXProject "CurrencyExchangeSys" */;
			compatibilityVersion = "Xcode 14.0";
			developmentRegion = en;
			hasScannedForEncodings = 0;
			knownRegions = (
				en,
				Base,
			);
			mainGroup = 077A0EAA2B070ACE00544A0B;
			productRefGroup = 077A0EB42B070ACE00544A0B /* Products */;
			projectDirPath = "";
			projectRoot = "";
			targets = (
				077A0EB22B070ACE00544A0B /* CurrencyExchangeSys */,
			);
		};
/* End PBXProject section */

/* Begin PBXResourcesBuildPhase section */
		077A0EB12B070ACE00544A0B /* Resources */ = {
			isa = PBXResourcesBuildPhase;
			buildActionMask = 2147483647;
			files = (
				077A0EBB2B070ACF00544A0B /* Assets.xcassets in Resources */,
			);
			runOnlyForDeploymentPostprocessing = 0;
		};
/* End PBXResourcesBuildPhase section */

/* Begin PBXSourcesBuildPhase section */
		077A0EAF2B070ACE00544A0B /* Sources */ = {
			isa = PBXSourcesBuildPhase;
			buildActionMask = 2147483647;
			files = (
				077A0ED02B087E6900544A0B /* OperationPanel.swift in Sources */,
				077A0ED42B09AE5C00544A0B /* CurrencyTag.swift in Sources */,
				077A0EB92B070ACE00544A0B /* ContentView.swift in Sources */,
				077A0EB72B070ACE00544A0B /* CurrencyExchangeSysApp.swift in Sources */,
				077A0ECA2B072CEB00544A0B /* CurrencyExchangeGraphView.swift in Sources */,
				077A0ED22B08F42900544A0B /* FetchedExchageRate.swift in Sources */,
				077A0ECC2B072FEC00544A0B /* CurrencyExchangeData.swift in Sources */,
				077A0ECE2B08325A00544A0B /* WelcomePage.swift in Sources */,
				077A0EC62B070C3700544A0B /* MainPanel.swift in Sources */,
				077A0EC82B071D8E00544A0B /* Helper.swift in Sources */,
			);
			runOnlyForDeploymentPostprocessing = 0;
		};
/* End PBXSourcesBuildPhase section */

/* Begin XCBuildConfiguration section */
		077A0EC02B070ACF00544A0B /* Debug */ = {
			isa = XCBuildConfiguration;
			buildSettings = {
				ALWAYS_SEARCH_USER_PATHS = NO;
				ASSETCATALOG_COMPILER_GENERATE_SWIFT_ASSET_SYMBOL_EXTENSIONS = YES;
				CLANG_ANALYZER_NONNULL = YES;
				CLANG_ANALYZER_NUMBER_OBJECT_CONVERSION = YES_AGGRESSIVE;
				CLANG_CXX_LANGUAGE_STANDARD = "gnu++20";
				CLANG_ENABLE_MODULES = YES;
				CLANG_ENABLE_OBJC_ARC = YES;
				CLANG_ENABLE_OBJC_WEAK = YES;
				CLANG_WARN_BLOCK_CAPTURE_AUTORELEASING = YES;
				CLANG_WARN_BOOL_CONVERSION = YES;
				CLANG_WARN_COMMA = YES;
				CLANG_WARN_CONSTANT_CONVERSION = YES;
				CLANG_WARN_DEPRECATED_OBJC_IMPLEMENTATIONS = YES;
				CLANG_WARN_DIRECT_OBJC_ISA_USAGE = YES_ERROR;
				CLANG_WARN_DOCUMENTATION_COMMENTS = YES;
				CLANG_WARN_EMPTY_BODY = YES;
				CLANG_WARN_ENUM_CONVERSION = YES;
				CLANG_WARN_INFINITE_RECURSION = YES;
				CLANG_WARN_INT_CONVERSION = YES;
				CLANG_WARN_NON_LITERAL_NULL_CONVERSION = YES;
				CLANG_WARN_OBJC_IMPLICIT_RETAIN_SELF = YES;
				CLANG_WARN_OBJC_LITERAL_CONVERSION = YES;
				CLANG_WARN_OBJC_ROOT_CLASS = YES_ERROR;
				CLANG_WARN_QUOTED_INCLUDE_IN_FRAMEWORK_HEADER = YES;
				CLANG_WARN_RANGE_LOOP_ANALYSIS = YES;
				CLANG_WARN_STRICT_PROTOTYPES = YES;
				CLANG_WARN_SUSPICIOUS_MOVE = YES;
				CLANG_WARN_UNGUARDED_AVAILABILITY = YES_AGGRESSIVE;
				CLANG_WARN_UNREACHABLE_CODE = YES;
				CLANG_WARN__DUPLICATE_METHOD_MATCH = YES;
				COPY_PHASE_STRIP = NO;
				DEBUG_INFORMATION_FORMAT = dwarf;
				ENABLE_STRICT_OBJC_MSGSEND = YES;
				ENABLE_TESTABILITY = YES;
				ENABLE_USER_SCRIPT_SANDBOXING = YES;
				GCC_C_LANGUAGE_STANDARD = gnu17;
				GCC_DYNAMIC_NO_PIC = NO;
				GCC_NO_COMMON_BLOCKS = YES;
				GCC_OPTIMIZATION_LEVEL = 0;
				GCC_PREPROCESSOR_DEFINITIONS = (
					"DEBUG=1",
					"$(inherited)",
				);
				GCC_WARN_64_TO_32_BIT_CONVERSION = YES;
				GCC_WARN_ABOUT_RETURN_TYPE = YES_ERROR;
				GCC_WARN_UNDECLARED_SELECTOR = YES;
				GCC_WARN_UNINITIALIZED_AUTOS = YES_AGGRESSIVE;
				GCC_WARN_UNUSED_FUNCTION = YES;
				GCC_WARN_UNUSED_VARIABLE = YES;
				LOCALIZATION_PREFERS_STRING_CATALOGS = YES;
				MACOSX_DEPLOYMENT_TARGET = 14.0;
				MTL_ENABLE_DEBUG_INFO = INCLUDE_SOURCE;
				MTL_FAST_MATH = YES;
				ONLY_ACTIVE_ARCH = YES;
				SDKROOT = macosx;
				SWIFT_ACTIVE_COMPILATION_CONDITIONS = "DEBUG $(inherited)";
				SWIFT_OPTIMIZATION_LEVEL = "-Onone";
			};
			name = Debug;
		};
		077A0EC12B070ACF00544A0B /* Release */ = {
			isa = XCBuildConfiguration;
			buildSettings = {
				ALWAYS_SEARCH_USER_PATHS = NO;
				ASSETCATALOG_COMPILER_GENERATE_SWIFT_ASSET_SYMBOL_EXTENSIONS = YES;
				CLANG_ANALYZER_NONNULL = YES;
				CLANG_ANALYZER_NUMBER_OBJECT_CONVERSION = YES_AGGRESSIVE;
				CLANG_CXX_LANGUAGE_STANDARD = "gnu++20";
				CLANG_ENABLE_MODULES = YES;
				CLANG_ENABLE_OBJC_ARC = YES;
				CLANG_ENABLE_OBJC_WEAK = YES;
				CLANG_WARN_BLOCK_CAPTURE_AUTORELEASING = YES;
				CLANG_WARN_BOOL_CONVERSION = YES;
				CLANG_WARN_COMMA = YES;
				CLANG_WARN_CONSTANT_CONVERSION = YES;
				CLANG_WARN_DEPRECATED_OBJC_IMPLEMENTATIONS = YES;
				CLANG_WARN_DIRECT_OBJC_ISA_USAGE = YES_ERROR;
				CLANG_WARN_DOCUMENTATION_COMMENTS = YES;
				CLANG_WARN_EMPTY_BODY = YES;
				CLANG_WARN_ENUM_CONVERSION = YES;
				CLANG_WARN_INFINITE_RECURSION = YES;
				CLANG_WARN_INT_CONVERSION = YES;
				CLANG_WARN_NON_LITERAL_NULL_CONVERSION = YES;
				CLANG_WARN_OBJC_IMPLICIT_RETAIN_SELF = YES;
				CLANG_WARN_OBJC_LITERAL_CONVERSION = YES;
				CLANG_WARN_OBJC_ROOT_CLASS = YES_ERROR;
				CLANG_WARN_QUOTED_INCLUDE_IN_FRAMEWORK_HEADER = YES;
				CLANG_WARN_RANGE_LOOP_ANALYSIS = YES;
				CLANG_WARN_STRICT_PROTOTYPES = YES;
				CLANG_WARN_SUSPICIOUS_MOVE = YES;
				CLANG_WARN_UNGUARDED_AVAILABILITY = YES_AGGRESSIVE;
				CLANG_WARN_UNREACHABLE_CODE = YES;
				CLANG_WARN__DUPLICATE_METHOD_MATCH = YES;
				COPY_PHASE_STRIP = NO;
				DEBUG_INFORMATION_FORMAT = "dwarf-with-dsym";
				ENABLE_NS_ASSERTIONS = NO;
				ENABLE_STRICT_OBJC_MSGSEND = YES;
				ENABLE_USER_SCRIPT_SANDBOXING = YES;
				GCC_C_LANGUAGE_STANDARD = gnu17;
				GCC_NO_COMMON_BLOCKS = YES;
				GCC_WARN_64_TO_32_BIT_CONVERSION = YES;
				GCC_WARN_ABOUT_RETURN_TYPE = YES_ERROR;
				GCC_WARN_UNDECLARED_SELECTOR = YES;
				GCC_WARN_UNINITIALIZED_AUTOS = YES_AGGRESSIVE;
				GCC_WARN_UNUSED_FUNCTION = YES;
				GCC_WARN_UNUSED_VARIABLE = YES;
				LOCALIZATION_PREFERS_STRING_CATALOGS = YES;
				MACOSX_DEPLOYMENT_TARGET = 14.0;
				MTL_ENABLE_DEBUG_INFO = NO;
				MTL_FAST_MATH = YES;
				SDKROOT = macosx;
				SWIFT_COMPILATION_MODE = wholemodule;
			};
			name = Release;
		};
		077A0EC32B070ACF00544A0B /* Debug */ = {
			isa = XCBuildConfiguration;
			buildSettings = {
				ASSETCATALOG_COMPILER_APPICON_NAME = AppIcon;
				ASSETCATALOG_COMPILER_GLOBAL_ACCENT_COLOR_NAME = AccentColor;
				CODE_SIGN_ENTITLEMENTS = CurrencyExchangeSys/CurrencyExchangeSys.entitlements;
				CODE_SIGN_STYLE = Automatic;
				COMBINE_HIDPI_IMAGES = YES;
				CURRENT_PROJECT_VERSION = 1;
				DEVELOPMENT_ASSET_PATHS = "";
				DEVELOPMENT_TEAM = 9XYPW6PMST;
				ENABLE_HARDENED_RUNTIME = YES;
				ENABLE_PREVIEWS = YES;
				GENERATE_INFOPLIST_FILE = YES;
				INFOPLIST_KEY_NSHumanReadableCopyright = "";
				LD_RUNPATH_SEARCH_PATHS = (
					"$(inherited)",
					"@executable_path/../Frameworks",
				);
				MARKETING_VERSION = 1.0;
				PRODUCT_BUNDLE_IDENTIFIER = com.RomanticD.CurrencyExchangeSys;
				PRODUCT_NAME = "$(TARGET_NAME)";
				SWIFT_EMIT_LOC_STRINGS = YES;
				SWIFT_VERSION = 5.0;
			};
			name = Debug;
		};
		077A0EC42B070ACF00544A0B /* Release */ = {
			isa = XCBuildConfiguration;
			buildSettings = {
				ASSETCATALOG_COMPILER_APPICON_NAME = AppIcon;
				ASSETCATALOG_COMPILER_GLOBAL_ACCENT_COLOR_NAME = AccentColor;
				CODE_SIGN_ENTITLEMENTS = CurrencyExchangeSys/CurrencyExchangeSys.entitlements;
				CODE_SIGN_STYLE = Automatic;
				COMBINE_HIDPI_IMAGES = YES;
				CURRENT_PROJECT_VERSION = 1;
				DEVELOPMENT_ASSET_PATHS = "";
				DEVELOPMENT_TEAM = 9XYPW6PMST;
				ENABLE_HARDENED_RUNTIME = YES;
				ENABLE_PREVIEWS = YES;
				GENERATE_INFOPLIST_FILE = YES;
				INFOPLIST_KEY_NSHumanReadableCopyright = "";
				LD_RUNPATH_SEARCH_PATHS = (
					"$(inherited)",
					"@executable_path/../Frameworks",
				);
				MARKETING_VERSION = 1.0;
				PRODUCT_BUNDLE_IDENTIFIER = com.RomanticD.CurrencyExchangeSys;
				PRODUCT_NAME = "$(TARGET_NAME)";
				SWIFT_EMIT_LOC_STRINGS = YES;
				SWIFT_VERSION = 5.0;
			};
			name = Release;
		};
/* End XCBuildConfiguration section */

/* Begin XCConfigurationList section */
		077A0EAE2B070ACE00544A0B /* Build configuration list for PBXProject "CurrencyExchangeSys" */ = {
			isa = XCConfigurationList;
			buildConfigurations = (
				077A0EC02B070ACF00544A0B /* Debug */,
				077A0EC12B070ACF00544A0B /* Release */,
			);
			defaultConfigurationIsVisible = 0;
			defaultConfigurationName = Release;
		};
		077A0EC22B070ACF00544A0B /* Build configuration list for PBXNativeTarget "CurrencyExchangeSys" */ = {
			isa = XCConfigurationList;
			buildConfigurations = (
				077A0EC32B070ACF00544A0B /* Debug */,
				077A0EC42B070ACF00544A0B /* Release */,
			);
			defaultConfigurationIsVisible = 0;
			defaultConfigurationName = Release;
		};
/* End XCConfigurationList section */
	};
	rootObject = 077A0EAB2B070ACE00544A0B /* Project object */;
}
